{
  "version": 4,
  "terraform_version": "1.15.6",
  "serial": 59,
  "lineage": "513a14d2-3ae8-9f45-3903-c6e99d793fbb",
  "outputs": {
    "ami_used": {
      "value": "ami-0d866938d550e52c4",
      "type": "string"
    },
    "api_url": {
      "value": "http://35.181.96.98:8000",
      "type": "string"
    },
    "docs_url": {
      "value": "http://35.181.96.98:8000/docs",
      "type": "string"
    },
    "instance_id": {
      "value": "i-04c6642ae1a19d46f",
      "type": "string"
    },
    "public_ip": {
      "value": "35.181.96.98",
      "type": "string"
    },
    "ssh_command": {
      "value": "ssh -i ~/.ssh/id_rsa ubuntu@35.181.96.98",
      "type": "string"
    }
  },
  "resources": [
    {
      "mode": "data",
      "type": "aws_ami",
      "name": "ubuntu_arm64",
      "provider": "provider[\"registry.terraform.io/hashicorp/aws\"]",
      "instances": [
        {
          "schema_version": 0,
          "attributes": {
            "architecture": "arm64",
            "arn": "arn:aws:ec2:eu-west-3::image/ami-0d866938d550e52c4",
            "block_device_mappings": [
              {
                "device_name": "/dev/sda1",
                "ebs": {
                  "delete_on_termination": "true",
                  "encrypted": "false",
                  "iops": "0",
                  "snapshot_id": "snap-04aa8a0c9b2670de6",
                  "throughput": "0",
                  "volume_initialization_rate": "0",
                  "volume_size": "8",
                  "volume_type": "gp3"
                },
                "no_device": "",
                "virtual_name": ""
              },
              {
                "device_name": "/dev/sdb",
                "ebs": {},
                "no_device": "",
                "virtual_name": "ephemeral0"
              },
              {
                "device_name": "/dev/sdc",
                "ebs": {},
                "no_device": "",
                "virtual_name": "ephemeral1"
              }
            ],
            "boot_mode": "uefi",
            "creation_date": "2026-06-10T10:54:04.000Z",
            "deprecation_time": "2028-06-10T10:54:04.000Z",
            "description": "Canonical, Ubuntu, 24.04, arm64 noble image",
            "ena_support": true,
            "executable_users": null,
            "filter": [
              {
                "name": "architecture",
                "values": [
                  "arm64"
                ]
              },
              {
                "name": "name",
                "values": [
                  "ubuntu/images/hvm-ssd-gp3/ubuntu-noble-24.04-arm64-server-*"
                ]
              },
              {
                "name": "virtualization-type",
                "values": [
                  "hvm"
                ]
              }
            ],
            "hypervisor": "xen",
            "id": "ami-0d866938d550e52c4",
            "image_id": "ami-0d866938d550e52c4",
            "image_location": "amazon/ubuntu/images/hvm-ssd-gp3/ubuntu-noble-24.04-arm64-server-20260610",
            "image_owner_alias": "amazon",
            "image_type": "machine",
            "imds_support": "v2.0",
            "include_deprecated": false,
            "kernel_id": "",
            "last_launched_time": "",
            "most_recent": true,
            "name": "ubuntu/images/hvm-ssd-gp3/ubuntu-noble-24.04-arm64-server-20260610",
            "name_regex": null,
            "owner_id": "099720109477",
            "owners": [
              "099720109477"
            ],
            "platform": "",
            "platform_details": "Linux/UNIX",
            "product_codes": [],
            "public": true,
            "ramdisk_id": "",
            "root_device_name": "/dev/sda1",
            "root_device_type": "ebs",
            "root_snapshot_id": "snap-04aa8a0c9b2670de6",
            "sriov_net_support": "simple",
            "state": "available",
            "state_reason": {
              "code": "UNSET",
              "message": "UNSET"
            },
            "tags": {},
            "timeouts": null,
            "tpm_support": "",
            "uefi_data": null,
            "usage_operation": "RunInstances",
            "virtualization_type": "hvm"
          },
          "sensitive_attributes": [],
          "identity_schema_version": 0
        }
      ]
    },
    {
      "mode": "managed",
      "type": "aws_ebs_volume",
      "name": "data",
      "provider": "provider[\"registry.terraform.io/hashicorp/aws\"]",
      "instances": [
        {
          "schema_version": 0,
          "attributes": {
            "arn": "arn:aws:ec2:eu-west-3:346299179356:volume/vol-0da414dbe25919f8e",
            "availability_zone": "eu-west-3a",
            "create_time": "2026-06-19T14:32:29Z",
            "encrypted": true,
            "final_snapshot": false,
            "id": "vol-0da414dbe25919f8e",
            "iops": 3000,
            "kms_key_id": "arn:aws:kms:eu-west-3:346299179356:key/4a4bcef3-cf3a-45c1-94d6-051431c382e3",
            "multi_attach_enabled": false,
            "outpost_arn": "",
            "size": 50,
            "snapshot_id": "",
            "tags": {
              "Name": "rag-llamaindex-data"
            },
            "tags_all": {
              "Name": "rag-llamaindex-data"
            },
            "throughput": 125,
            "timeouts": null,
            "type": "gp3"
          },
          "sensitive_attributes": [],
          "identity_schema_version": 0,
          "private": "eyJlMmJmYjczMC1lY2FhLTExZTYtOGY4OC0zNDM2M2JjN2M0YzAiOnsiY3JlYXRlIjozMDAwMDAwMDAwMDAsImRlbGV0ZSI6NjAwMDAwMDAwMDAwLCJ1cGRhdGUiOjMwMDAwMDAwMDAwMH19"
        }
      ]
    },
    {
      "mode": "managed",
      "type": "aws_eip",
      "name": "rag_server",
      "provider": "provider[\"registry.terraform.io/hashicorp/aws\"]",
      "instances": [
        {
          "schema_version": 0,
          "attributes": {
            "address": null,
            "allocation_id": "eipalloc-0249172bffd34a061",
            "arn": "arn:aws:ec2:eu-west-3:346299179356:elastic-ip/eipalloc-0249172bffd34a061",
            "associate_with_private_ip": null,
            "association_id": "eipassoc-0b71090b5aa41d34b",
            "carrier_ip": "",
            "customer_owned_ip": "",
            "customer_owned_ipv4_pool": "",
            "domain": "vpc",
            "id": "eipalloc-0249172bffd34a061",
            "instance": "i-04c6642ae1a19d46f",
            "ipam_pool_id": null,
            "network_border_group": "eu-west-3",
            "network_interface": "eni-03fed656ddbc1c595",
            "private_dns": "ip-10-0-1-108.eu-west-3.compute.internal",
            "private_ip": "10.0.1.108",
            "ptr_record": "",
            "public_dns": "ec2-35-181-96-98.eu-west-3.compute.amazonaws.com",
            "public_ip": "35.181.96.98",
            "public_ipv4_pool": "amazon",
            "tags": {
              "Name": "rag-llamaindex-eip"
            },
            "tags_all": {
              "Name": "rag-llamaindex-eip"
            },
            "timeouts": null,
            "vpc": true
          },
          "sensitive_attributes": [],
          "identity_schema_version": 0,
          "private": "eyJlMmJmYjczMC1lY2FhLTExZTYtOGY4OC0zNDM2M2JjN2M0YzAiOnsiZGVsZXRlIjoxODAwMDAwMDAwMDAsInJlYWQiOjkwMDAwMDAwMDAwMCwidXBkYXRlIjozMDAwMDAwMDAwMDB9fQ==",
          "dependencies": [
            "aws_instance.rag_server",
            "aws_key_pair.deployer",
            "aws_security_group.rag_api",
            "aws_subnet.public",
            "aws_vpc.main",
            "data.aws_ami.ubuntu_arm64"
          ]
        }
      ]
    },
    {
      "mode": "managed",
      "type": "aws_instance",
      "name": "rag_server",
      "provider": "provider[\"registry.terraform.io/hashicorp/aws\"]",
      "instances": [
        {
          "schema_version": 1,
          "attributes": {
            "ami": "ami-0d866938d550e52c4",
            "arn": "arn:aws:ec2:eu-west-3:346299179356:instance/i-04c6642ae1a19d46f",
            "associate_public_ip_address": true,
            "availability_zone": "eu-west-3a",
            "capacity_reservation_specification": [
              {
                "capacity_reservation_preference": "open",
                "capacity_reservation_target": []
              }
            ],
            "cpu_core_count": 2,
            "cpu_options": [
              {
                "amd_sev_snp": "",
                "core_count": 2,
                "threads_per_core": 1
              }
            ],
            "cpu_threads_per_core": 1,
            "credit_specification": [
              {
                "cpu_credits": "unlimited"
              }
            ],
            "disable_api_stop": false,
            "disable_api_termination": false,
            "ebs_block_device": [],
            "ebs_optimized": false,
            "enable_primary_ipv6": null,
            "enclave_options": [
              {
                "enabled": false
              }
            ],
            "ephemeral_block_device": [],
            "get_password_data": false,
            "hibernation": false,
            "host_id": "",
            "host_resource_group_arn": null,
            "iam_instance_profile": "",
            "id": "i-04c6642ae1a19d46f",
            "instance_initiated_shutdown_behavior": "stop",
            "instance_lifecycle": "",
            "instance_market_options": [],
            "instance_state": "running",
            "instance_type": "t4g.small",
            "ipv6_address_count": 0,
            "ipv6_addresses": [],
            "key_name": "rag-llamaindex-key",
            "launch_template": [],
            "maintenance_options": [
              {
                "auto_recovery": "default"
              }
            ],
            "metadata_options": [
              {
                "http_endpoint": "enabled",
                "http_protocol_ipv6": "disabled",
                "http_put_response_hop_limit": 2,
                "http_tokens": "required",
                "instance_metadata_tags": "disabled"
              }
            ],
            "monitoring": false,
            "network_interface": [],
            "outpost_arn": "",
            "password_data": "",
            "placement_group": "",
            "placement_partition_number": 0,
            "primary_network_interface_id": "eni-03fed656ddbc1c595",
            "private_dns": "ip-10-0-1-108.eu-west-3.compute.internal",
            "private_dns_name_options": [
              {
                "enable_resource_name_dns_a_record": false,
                "enable_resource_name_dns_aaaa_record": false,
                "hostname_type": "ip-name"
              }
            ],
            "private_ip": "10.0.1.108",
            "public_dns": "ec2-35-180-124-53.eu-west-3.compute.amazonaws.com",
            "public_ip": "35.180.124.53",
            "root_block_device": [
              {
                "delete_on_termination": true,
                "device_name": "/dev/sda1",
                "encrypted": true,
                "iops": 3000,
                "kms_key_id": "arn:aws:kms:eu-west-3:346299179356:key/4a4bcef3-cf3a-45c1-94d6-051431c382e3",
                "tags": null,
                "tags_all": {},
                "throughput": 125,
                "volume_id": "vol-0c371801a85232f10",
                "volume_size": 45,
                "volume_type": "gp3"
              }
            ],
            "secondary_private_ips": [],
            "security_groups": [],
            "source_dest_check": true,
            "spot_instance_request_id": "",
            "subnet_id": "subnet-04f489e519f6d1da5",
            "tags": {
              "Environment": "prod",
              "Name": "rag-llamaindex-server",
              "Project": "rag-llamaindex"
            },
            "tags_all": {
              "Environment": "prod",
              "Name": "rag-llamaindex-server",
              "Project": "rag-llamaindex"
            },
            "tenancy": "default",
            "timeouts": null,
            "user_data": "bc1937b33ce5bb268982bf98173c1a6f61b8dfc2",
            "user_data_base64": null,
            "user_data_replace_on_change": false,
            "volume_tags": null,
            "vpc_security_group_ids": [
              "sg-00ed09b335d1a725c"
            ]
          },
          "sensitive_attributes": [],
          "identity_schema_version": 0,
          "private": "eyJlMmJmYjczMC1lY2FhLTExZTYtOGY4OC0zNDM2M2JjN2M0YzAiOnsiY3JlYXRlIjo2MDAwMDAwMDAwMDAsImRlbGV0ZSI6MTIwMDAwMDAwMDAwMCwicmVhZCI6OTAwMDAwMDAwMDAwLCJ1cGRhdGUiOjYwMDAwMDAwMDAwMH0sInNjaGVtYV92ZXJzaW9uIjoiMSJ9",
          "dependencies": [
            "aws_key_pair.deployer",
            "aws_security_group.rag_api",
            "aws_subnet.public",
            "aws_vpc.main",
            "data.aws_ami.ubuntu_arm64"
          ]
        }
      ]
    },
    {
      "mode": "managed",
      "type": "aws_internet_gateway",
      "name": "main",
      "provider": "provider[\"registry.terraform.io/hashicorp/aws\"]",
      "instances": [
        {
          "schema_version": 0,
          "attributes": {
            "arn": "arn:aws:ec2:eu-west-3:346299179356:internet-gateway/igw-039ab65d3d03cabce",
            "id": "igw-039ab65d3d03cabce",
            "owner_id": "346299179356",
            "tags": {
              "Name": "rag-llamaindex-igw"
            },
            "tags_all": {
              "Name": "rag-llamaindex-igw"
            },
            "timeouts": null,
            "vpc_id": "vpc-0cf407542964fb0ed"
          },
          "sensitive_attributes": [],
          "identity_schema_version": 0,
          "private": "eyJlMmJmYjczMC1lY2FhLTExZTYtOGY4OC0zNDM2M2JjN2M0YzAiOnsiY3JlYXRlIjoxMjAwMDAwMDAwMDAwLCJkZWxldGUiOjEyMDAwMDAwMDAwMDAsInVwZGF0ZSI6MTIwMDAwMDAwMDAwMH19",
          "dependencies": [
            "aws_vpc.main"
          ]
        }
      ]
    },
    {
      "mode": "managed",
      "type": "aws_key_pair",
      "name": "deployer",
      "provider": "provider[\"registry.terraform.io/hashicorp/aws\"]",
      "instances": [
        {
          "schema_version": 1,
          "attributes": {
            "arn": "arn:aws:ec2:eu-west-3:346299179356:key-pair/rag-llamaindex-key",
            "fingerprint": "ea:a6:66:0e:54:8e:ee:79:fe:ed:cf:0c:7d:46:99:e5",
            "id": "rag-llamaindex-key",
            "key_name": "rag-llamaindex-key",
            "key_name_prefix": "",
            "key_pair_id": "key-07e604b1782395f71",
            "key_type": "rsa",
            "public_key": "ssh-rsa AAAAB3NzaC1yc2EAAAADAQABAAACAQDm7jANjvop02NG+nejTCuK+TdkZ9PfYOxs8Yr6N0nnnzXYTGOMkw9mKHwclLD7lbfet7ZfbRXar+xxNVXAnH2kbbwoqWra7QjhfpwlUTkjRYmamgjyEowKVGDEtgfLhnLTs3r8XnTSdFomFdYtMXVSIPPmHR9FZonOMU1cnKhaKdJea21ZrrL53/Gxo+a3r1/ViL6TTHw2wpSN9Q+eAqqTL446VUwINhGHF2t03OO1gvP1kAz1wifVBNMxTFYySW23YUzciUqGZx/vG0Tk5qeqpoSbhAV8YCteUhV/4NkjaX1SJ+P68MtRcqAY6bEJGP77WsB9h0t+MYZikqBt8504vaXMAN/hSJ3AQ0e1jdct8nNwLfKoDcZekdj9MtWDgxFUwD462LQv3jdKuwbfQaPAwjQoJoyAu1e7NVoSNUjcsX7rGI7M4CnRWsXIEmHcjxIU/6xASXwIjTfEoaDZ3HZLFySBYbAimYLtrrrDUT15xE10frPYHjOGYqpChtBVprnNimqnPH4uLl0hGUEf/QbR4Rsjtg7EZRtIhYkmWAAw2WhQMxpFxn4TTN8q9tB2QmYMOc6+tSfSwhPbsF2Oi2R4OE5it5mA58CcNRuXKGN+o8UkymStYA+Oq1Ay+1zv1l1EngVXUWL1rNpdj19DYrZgob3C22xuVF4fWToQqIjvMw== ton@email.com",
            "tags": null,
            "tags_all": {}
          },
          "sensitive_attributes": [],
          "identity_schema_version": 0,
          "private": "eyJzY2hlbWFfdmVyc2lvbiI6IjEifQ=="
        }
      ]
    },
    {
      "mode": "managed",
      "type": "aws_route_table",
      "name": "public",
      "provider": "provider[\"registry.terraform.io/hashicorp/aws\"]",
      "instances": [
        {
          "schema_version": 0,
          "attributes": {
            "arn": "arn:aws:ec2:eu-west-3:346299179356:route-table/rtb-01fbeb9705cdd89f2",
            "id": "rtb-01fbeb9705cdd89f2",
            "owner_id": "346299179356",
            "propagating_vgws": [],
            "route": [
              {
                "carrier_gateway_id": "",
                "cidr_block": "0.0.0.0/0",
                "core_network_arn": "",
                "destination_prefix_list_id": "",
                "egress_only_gateway_id": "",
                "gateway_id": "igw-039ab65d3d03cabce",
                "ipv6_cidr_block": "",
                "local_gateway_id": "",
                "nat_gateway_id": "",
                "network_interface_id": "",
                "transit_gateway_id": "",
                "vpc_endpoint_id": "",
                "vpc_peering_connection_id": ""
              }
            ],
            "tags": {
              "Name": "rag-llamaindex-rt-public"
            },
            "tags_all": {
              "Name": "rag-llamaindex-rt-public"
            },
            "timeouts": null,
            "vpc_id": "vpc-0cf407542964fb0ed"
          },
          "sensitive_attributes": [],
          "identity_schema_version": 0,
          "private": "eyJlMmJmYjczMC1lY2FhLTExZTYtOGY4OC0zNDM2M2JjN2M0YzAiOnsiY3JlYXRlIjozMDAwMDAwMDAwMDAsImRlbGV0ZSI6MzAwMDAwMDAwMDAwLCJ1cGRhdGUiOjEyMDAwMDAwMDAwMH19",
          "dependencies": [
            "aws_internet_gateway.main",
            "aws_vpc.main"
          ]
        }
      ]
    },
    {
      "mode": "managed",
      "type": "aws_route_table_association",
      "name": "public",
      "provider": "provider[\"registry.terraform.io/hashicorp/aws\"]",
      "instances": [
        {
          "schema_version": 0,
          "attributes": {
            "gateway_id": "",
            "id": "rtbassoc-02fbed2a3b3342dcb",
            "route_table_id": "rtb-01fbeb9705cdd89f2",
            "subnet_id": "subnet-04f489e519f6d1da5",
            "timeouts": null
          },
          "sensitive_attributes": [],
          "identity_schema_version": 0,
          "private": "eyJlMmJmYjczMC1lY2FhLTExZTYtOGY4OC0zNDM2M2JjN2M0YzAiOnsiY3JlYXRlIjozMDAwMDAwMDAwMDAsImRlbGV0ZSI6MzAwMDAwMDAwMDAwLCJ1cGRhdGUiOjEyMDAwMDAwMDAwMH19",
          "dependencies": [
            "aws_internet_gateway.main",
            "aws_route_table.public",
            "aws_subnet.public",
            "aws_vpc.main"
          ]
        }
      ]
    },
    {
      "mode": "managed",
      "type": "aws_security_group",
      "name": "rag_api",
      "provider": "provider[\"registry.terraform.io/hashicorp/aws\"]",
      "instances": [
        {
          "schema_version": 1,
          "attributes": {
            "arn": "arn:aws:ec2:eu-west-3:346299179356:security-group/sg-00ed09b335d1a725c",
            "description": "Security group for RAG LlamaIndex API",
            "egress": [
              {
                "cidr_blocks": [
                  "0.0.0.0/0"
                ],
                "description": "",
                "from_port": 0,
                "ipv6_cidr_blocks": [],
                "prefix_list_ids": [],
                "protocol": "-1",
                "security_groups": [],
                "self": false,
                "to_port": 0
              }
            ],
            "id": "sg-00ed09b335d1a725c",
            "ingress": [
              {
                "cidr_blocks": [
                  "0.0.0.0/0"
                ],
                "description": "Ollama (optional direct access)",
                "from_port": 11434,
                "ipv6_cidr_blocks": [],
                "prefix_list_ids": [],
                "protocol": "tcp",
                "security_groups": [],
                "self": false,
                "to_port": 11434
              },
              {
                "cidr_blocks": [
                  "0.0.0.0/0"
                ],
                "description": "RAG API",
                "from_port": 8000,
                "ipv6_cidr_blocks": [],
                "prefix_list_ids": [],
                "protocol": "tcp",
                "security_groups": [],
                "self": false,
                "to_port": 8000
              },
              {
                "cidr_blocks": [
                  "0.0.0.0/0"
                ],
                "description": "SSH",
                "from_port": 22,
                "ipv6_cidr_blocks": [],
                "prefix_list_ids": [],
                "protocol": "tcp",
                "security_groups": [],
                "self": false,
                "to_port": 22
              }
            ],
            "name": "rag-llamaindex-sg",
            "name_prefix": "",
            "owner_id": "346299179356",
            "revoke_rules_on_delete": false,
            "tags": {
              "Name": "rag-llamaindex-sg"
            },
            "tags_all": {
              "Name": "rag-llamaindex-sg"
            },
            "timeouts": null,
            "vpc_id": "vpc-0cf407542964fb0ed"
          },
          "sensitive_attributes": [],
          "identity_schema_version": 0,
          "private": "eyJlMmJmYjczMC1lY2FhLTExZTYtOGY4OC0zNDM2M2JjN2M0YzAiOnsiY3JlYXRlIjo2MDAwMDAwMDAwMDAsImRlbGV0ZSI6OTAwMDAwMDAwMDAwfSwic2NoZW1hX3ZlcnNpb24iOiIxIn0=",
          "dependencies": [
            "aws_vpc.main"
          ]
        }
      ]
    },
    {
      "mode": "managed",
      "type": "aws_subnet",
      "name": "public",
      "provider": "provider[\"registry.terraform.io/hashicorp/aws\"]",
      "instances": [
        {
          "schema_version": 1,
          "attributes": {
            "arn": "arn:aws:ec2:eu-west-3:346299179356:subnet/subnet-04f489e519f6d1da5",
            "assign_ipv6_address_on_creation": false,
            "availability_zone": "eu-west-3a",
            "availability_zone_id": "euw3-az1",
            "cidr_block": "10.0.1.0/24",
            "customer_owned_ipv4_pool": "",
            "enable_dns64": false,
            "enable_lni_at_device_index": 0,
            "enable_resource_name_dns_a_record_on_launch": false,
            "enable_resource_name_dns_aaaa_record_on_launch": false,
            "id": "subnet-04f489e519f6d1da5",
            "ipv6_cidr_block": "",
            "ipv6_cidr_block_association_id": "",
            "ipv6_native": false,
            "map_customer_owned_ip_on_launch": false,
            "map_public_ip_on_launch": true,
            "outpost_arn": "",
            "owner_id": "346299179356",
            "private_dns_hostname_type_on_launch": "ip-name",
            "tags": {
              "Name": "rag-llamaindex-subnet-public"
            },
            "tags_all": {
              "Name": "rag-llamaindex-subnet-public"
            },
            "timeouts": null,
            "vpc_id": "vpc-0cf407542964fb0ed"
          },
          "sensitive_attributes": [],
          "identity_schema_version": 0,
          "private": "eyJlMmJmYjczMC1lY2FhLTExZTYtOGY4OC0zNDM2M2JjN2M0YzAiOnsiY3JlYXRlIjo2MDAwMDAwMDAwMDAsImRlbGV0ZSI6MTIwMDAwMDAwMDAwMH0sInNjaGVtYV92ZXJzaW9uIjoiMSJ9",
          "dependencies": [
            "aws_vpc.main"
          ]
        }
      ]
    },
    {
      "mode": "managed",
      "type": "aws_volume_attachment",
      "name": "data",
      "provider": "provider[\"registry.terraform.io/hashicorp/aws\"]",
      "instances": [
        {
          "schema_version": 0,
          "attributes": {
            "device_name": "/dev/sdf",
            "force_detach": false,
            "id": "vai-4142955144",
            "instance_id": "i-04c6642ae1a19d46f",
            "skip_destroy": null,
            "stop_instance_before_detaching": null,
            "timeouts": null,
            "volume_id": "vol-0da414dbe25919f8e"
          },
          "sensitive_attributes": [],
          "identity_schema_version": 0,
          "private": "eyJlMmJmYjczMC1lY2FhLTExZTYtOGY4OC0zNDM2M2JjN2M0YzAiOnsiY3JlYXRlIjozMDAwMDAwMDAwMDAsImRlbGV0ZSI6MzAwMDAwMDAwMDAwfX0=",
          "dependencies": [
            "aws_ebs_volume.data",
            "aws_instance.rag_server",
            "aws_key_pair.deployer",
            "aws_security_group.rag_api",
            "aws_subnet.public",
            "aws_vpc.main",
            "data.aws_ami.ubuntu_arm64"
          ]
        }
      ]
    },
    {
      "mode": "managed",
      "type": "aws_vpc",
      "name": "main",
      "provider": "provider[\"registry.terraform.io/hashicorp/aws\"]",
      "instances": [
        {
          "schema_version": 1,
          "attributes": {
            "arn": "arn:aws:ec2:eu-west-3:346299179356:vpc/vpc-0cf407542964fb0ed",
            "assign_generated_ipv6_cidr_block": false,
            "cidr_block": "10.0.0.0/16",
            "default_network_acl_id": null,
            "default_route_table_id": "rtb-01653688067dc8be1",
            "default_security_group_id": "sg-0360021dfdb4bd358",
            "dhcp_options_id": "dopt-0dde565319af5d325",
            "enable_dns_hostnames": true,
            "enable_dns_support": true,
            "enable_network_address_usage_metrics": false,
            "id": "vpc-0cf407542964fb0ed",
            "instance_tenancy": "default",
            "ipv4_ipam_pool_id": null,
            "ipv4_netmask_length": null,
            "ipv6_association_id": "",
            "ipv6_cidr_block": "",
            "ipv6_cidr_block_network_border_group": "",
            "ipv6_ipam_pool_id": "",
            "ipv6_netmask_length": 0,
            "main_route_table_id": "rtb-01653688067dc8be1",
            "owner_id": "346299179356",
            "tags": {
              "Name": "rag-llamaindex-vpc"
            },
            "tags_all": {
              "Name": "rag-llamaindex-vpc"
            }
          },
          "sensitive_attributes": [],
          "identity_schema_version": 0,
          "private": "eyJzY2hlbWFfdmVyc2lvbiI6IjEifQ=="
        }
      ]
    },
    {
      "mode": "managed",
      "type": "local_file",
      "name": "ansible_inventory",
      "provider": "provider[\"registry.terraform.io/hashicorp/local\"]",
      "instances": [
        {
          "schema_version": 0,
          "attributes": {
            "content": "[rag_servers]\nrag-llamaindex ansible_host=35.181.96.98 ansible_user=ubuntu ansible_ssh_private_key_file=~/.ssh/id_rsa ansible_ssh_common_args='-o StrictHostKeyChecking=no'\n\n[rag_servers:vars]\napi_port=8000\n",
            "content_base64": null,
            "content_base64sha256": "S94v1ZAtxeX6tIfpGI36Ab5APZBHF252Tu+kw8+LOpU=",
            "content_base64sha512": "bpzsWOiPkgWmD1fcfCrBCZwqN8e4f3088oHXWtUsavv9uwRs2ZfRRfZAvQbZYW3T0SwHNUqXKRh8Hk5cOGFyeg==",
            "content_md5": "efd1f2178229c5e6fade3a7e5b166918",
            "content_sha1": "2310c83ecced904dde586c24c8d0349bd3fc29f2",
            "content_sha256": "4bde2fd5902dc5e5fab487e9188dfa01be403d9047176e764eefa4c3cf8b3a95",
            "content_sha512": "6e9cec58e88f9205a60f57dc7c2ac1099c2a37c7b87f7d3cf281d75ad52c6afbfdbb046cd997d145f640bd06d9616dd3d12c07354a9729187c1e4e5c3861727a",
            "directory_permission": "0777",
            "file_permission": "0644",
            "filename": "./../ansible/inventory.ini",
            "id": "2310c83ecced904dde586c24c8d0349bd3fc29f2",
            "sensitive_content": null,
            "source": null
          },
          "sensitive_attributes": [
            [
              {
                "type": "get_attr",
                "value": "sensitive_content"
              }
            ]
          ],
          "identity_schema_version": 0,
          "dependencies": [
            "aws_eip.rag_server",
            "aws_instance.rag_server",
            "aws_key_pair.deployer",
            "aws_security_group.rag_api",
            "aws_subnet.public",
            "aws_vpc.main",
            "data.aws_ami.ubuntu_arm64"
          ]
        }
      ]
    }
  ],
  "check_results": null
}
